
Microsoft Visual Studio Solution File, Format Version 12.00
# Visual Studio 15
VisualStudioVersion = 15.0.28307.1321
MinimumVisualStudioVersion = 10.0.40219.1
Project("{FAE04EC0-301F-11D3-BF4B-00C04F79EFBC}") = "DigiOutsourceTechnicalAssessment", "DigiOutsourceTechnicalAssessment\DigiOutsourceTechnicalAssessment.csproj", "{421EF41B-EEF9-4EDB-9AA4-678CBADC8E93}"
EndProject
Global
	GlobalSection(SolutionConfigurationPlatforms) = preSolution
		Debug|Any CPU = Debug|Any CPU
		Release|Any CPU = Release|Any CPU
	EndGlobalSection
	GlobalSection(ProjectConfigurationPlatforms) = postSolution
		{421EF41B-EEF9-4EDB-9AA4-678CBADC8E93}.Debug|Any CPU.ActiveCfg = Debug|Any CPU
		{421EF41B-EEF9-4EDB-9AA4-678CBADC8E93}.Debug|Any CPU.Build.0 = Debug|Any CPU
		{421EF41B-EEF9-4EDB-9AA4-678CBADC8E93}.Release|Any CPU.ActiveCfg = Release|Any CPU
		{421EF41B-EEF9-4EDB-9AA4-678CBADC8E93}.Release|Any CPU.Build.0 = Release|Any CPU
	EndGlobalSection
	GlobalSection(SolutionProperties) = preSolution
		HideSolutionNode = FALSE
	EndGlobalSection
	GlobalSection(ExtensibilityGlobals) = postSolution
		SolutionGuid = {B01B5A85-0C69-49F0-A958-22055D8F9A3E}
	EndGlobalSection
EndGlobal
